
Microsoft Visual Studio Solution File, Format Version 12.00
# Visual Studio 15
VisualStudioVersion = 15.0.26430.14
MinimumVisualStudioVersion = 10.0.40219.1
Project("{2150E333-8FDC-42A3-9474-1A3956D46DE8}") = "Infraestructure", "Infraestructure", "{FA75DC95-1BFF-4982-8475-9A6A8FA9FFED}"
EndProject
Project("{FAE04EC0-301F-11D3-BF4B-00C04F79EFBC}") = "HaenggiModel.CalculationHelper", "CalculationHelper\HaenggiModel.CalculationHelper.csproj", "{A3EDB106-29EC-46C7-ACD4-FD9F9C0EFDA0}"
EndProject
Project("{FAE04EC0-301F-11D3-BF4B-00C04F79EFBC}") = "HaenggiModelCalculatorTests", "HaenggiModelCalculatorTests\HaenggiModelCalculatorTests.csproj", "{5B8F1399-0EBE-4AF7-9812-01C60749E764}"
EndProject
Project("{FAE04EC0-301F-11D3-BF4B-00C04F79EFBC}") = "HaenggiModel.Presentation", "HaenggiModel.Presentation\HaenggiModel.Presentation.csproj", "{B9C36A76-4FDA-4ABC-AFAD-4BC0E802B426}"
EndProject
Project("{FAE04EC0-301F-11D3-BF4B-00C04F79EFBC}") = "HaenggiModel.DeviceCommunication", "DeviceCommunication\HaenggiModel.DeviceCommunication.csproj", "{B6022517-4B12-4D6E-8446-185260704E5D}"
EndProject
Project("{FAE04EC0-301F-11D3-BF4B-00C04F79EFBC}") = "HaenggiModel.Logger", "Logger\HaenggiModel.Logger.csproj", "{479FC2E3-D764-4555-B7B4-1C02B6127BD5}"
EndProject
Project("{FAE04EC0-301F-11D3-BF4B-00C04F79EFBC}") = "HaenggiModel.ExportService", "ExportService\HaenggiModel.ExportService.csproj", "{8906E719-F2FB-47F9-B5A1-D5729A38B1DE}"
EndProject
Project("{FAE04EC0-301F-11D3-BF4B-00C04F79EFBC}") = "HaenggiModel.Model", "HaenggiModel.Model\HaenggiModel.Model.csproj", "{CEF63A69-C78A-4839-9E45-726C53C3CC1A}"
EndProject
Project("{FAE04EC0-301F-11D3-BF4B-00C04F79EFBC}") = "HaenggiModel.Resources", "HaenggiModel.Resources\HaenggiModel.Resources.csproj", "{47448FA0-5868-4B8D-98E0-D03FF8F3DC7E}"
EndProject
Global
	GlobalSection(SubversionScc) = preSolution
		Svn-Managed = True
		Manager = AnkhSVN - Subversion Support for Visual Studio
	EndGlobalSection
	GlobalSection(SolutionConfigurationPlatforms) = preSolution
		Debug|Any CPU = Debug|Any CPU
		Debug|ARM = Debug|ARM
		Debug|x64 = Debug|x64
		Debug|x86 = Debug|x86
		Release|Any CPU = Release|Any CPU
		Release|ARM = Release|ARM
		Release|x64 = Release|x64
		Release|x86 = Release|x86
	EndGlobalSection
	GlobalSection(ProjectConfigurationPlatforms) = postSolution
		{A3EDB106-29EC-46C7-ACD4-FD9F9C0EFDA0}.Debug|Any CPU.ActiveCfg = Debug|Any CPU
		{A3EDB106-29EC-46C7-ACD4-FD9F9C0EFDA0}.Debug|Any CPU.Build.0 = Debug|Any CPU
		{A3EDB106-29EC-46C7-ACD4-FD9F9C0EFDA0}.Debug|ARM.ActiveCfg = Debug|Any CPU
		{A3EDB106-29EC-46C7-ACD4-FD9F9C0EFDA0}.Debug|x64.ActiveCfg = Debug|Any CPU
		{A3EDB106-29EC-46C7-ACD4-FD9F9C0EFDA0}.Debug|x86.ActiveCfg = Debug|Any CPU
		{A3EDB106-29EC-46C7-ACD4-FD9F9C0EFDA0}.Release|Any CPU.ActiveCfg = Release|Any CPU
		{A3EDB106-29EC-46C7-ACD4-FD9F9C0EFDA0}.Release|Any CPU.Build.0 = Release|Any CPU
		{A3EDB106-29EC-46C7-ACD4-FD9F9C0EFDA0}.Release|ARM.ActiveCfg = Release|Any CPU
		{A3EDB106-29EC-46C7-ACD4-FD9F9C0EFDA0}.Release|x64.ActiveCfg = Release|Any CPU
		{A3EDB106-29EC-46C7-ACD4-FD9F9C0EFDA0}.Release|x86.ActiveCfg = Release|Any CPU
		{5B8F1399-0EBE-4AF7-9812-01C60749E764}.Debug|Any CPU.ActiveCfg = Debug|Any CPU
		{5B8F1399-0EBE-4AF7-9812-01C60749E764}.Debug|Any CPU.Build.0 = Debug|Any CPU
		{5B8F1399-0EBE-4AF7-9812-01C60749E764}.Debug|ARM.ActiveCfg = Debug|Any CPU
		{5B8F1399-0EBE-4AF7-9812-01C60749E764}.Debug|x64.ActiveCfg = Debug|Any CPU
		{5B8F1399-0EBE-4AF7-9812-01C60749E764}.Debug|x86.ActiveCfg = Debug|Any CPU
		{5B8F1399-0EBE-4AF7-9812-01C60749E764}.Release|Any CPU.ActiveCfg = Release|Any CPU
		{5B8F1399-0EBE-4AF7-9812-01C60749E764}.Release|Any CPU.Build.0 = Release|Any CPU
		{5B8F1399-0EBE-4AF7-9812-01C60749E764}.Release|ARM.ActiveCfg = Release|Any CPU
		{5B8F1399-0EBE-4AF7-9812-01C60749E764}.Release|x64.ActiveCfg = Release|Any CPU
		{5B8F1399-0EBE-4AF7-9812-01C60749E764}.Release|x86.ActiveCfg = Release|Any CPU
		{B9C36A76-4FDA-4ABC-AFAD-4BC0E802B426}.Debug|Any CPU.ActiveCfg = Debug|Any CPU
		{B9C36A76-4FDA-4ABC-AFAD-4BC0E802B426}.Debug|Any CPU.Build.0 = Debug|Any CPU
		{B9C36A76-4FDA-4ABC-AFAD-4BC0E802B426}.Debug|ARM.ActiveCfg = Debug|Any CPU
		{B9C36A76-4FDA-4ABC-AFAD-4BC0E802B426}.Debug|x64.ActiveCfg = Debug|Any CPU
		{B9C36A76-4FDA-4ABC-AFAD-4BC0E802B426}.Debug|x86.ActiveCfg = Debug|Any CPU
		{B9C36A76-4FDA-4ABC-AFAD-4BC0E802B426}.Release|Any CPU.ActiveCfg = Release|Any CPU
		{B9C36A76-4FDA-4ABC-AFAD-4BC0E802B426}.Release|Any CPU.Build.0 = Release|Any CPU
		{B9C36A76-4FDA-4ABC-AFAD-4BC0E802B426}.Release|ARM.ActiveCfg = Release|Any CPU
		{B9C36A76-4FDA-4ABC-AFAD-4BC0E802B426}.Release|x64.ActiveCfg = Release|Any CPU
		{B9C36A76-4FDA-4ABC-AFAD-4BC0E802B426}.Release|x86.ActiveCfg = Release|Any CPU
		{B6022517-4B12-4D6E-8446-185260704E5D}.Debug|Any CPU.ActiveCfg = Debug|Any CPU
		{B6022517-4B12-4D6E-8446-185260704E5D}.Debug|Any CPU.Build.0 = Debug|Any CPU
		{B6022517-4B12-4D6E-8446-185260704E5D}.Debug|ARM.ActiveCfg = Debug|Any CPU
		{B6022517-4B12-4D6E-8446-185260704E5D}.Debug|x64.ActiveCfg = Debug|Any CPU
		{B6022517-4B12-4D6E-8446-185260704E5D}.Debug|x86.ActiveCfg = Debug|Any CPU
		{B6022517-4B12-4D6E-8446-185260704E5D}.Release|Any CPU.ActiveCfg = Release|Any CPU
		{B6022517-4B12-4D6E-8446-185260704E5D}.Release|Any CPU.Build.0 = Release|Any CPU
		{B6022517-4B12-4D6E-8446-185260704E5D}.Release|ARM.ActiveCfg = Release|Any CPU
		{B6022517-4B12-4D6E-8446-185260704E5D}.Release|x64.ActiveCfg = Release|Any CPU
		{B6022517-4B12-4D6E-8446-185260704E5D}.Release|x86.ActiveCfg = Release|Any CPU
		{479FC2E3-D764-4555-B7B4-1C02B6127BD5}.Debug|Any CPU.ActiveCfg = Debug|Any CPU
		{479FC2E3-D764-4555-B7B4-1C02B6127BD5}.Debug|Any CPU.Build.0 = Debug|Any CPU
		{479FC2E3-D764-4555-B7B4-1C02B6127BD5}.Debug|ARM.ActiveCfg = Debug|Any CPU
		{479FC2E3-D764-4555-B7B4-1C02B6127BD5}.Debug|x64.ActiveCfg = Debug|Any CPU
		{479FC2E3-D764-4555-B7B4-1C02B6127BD5}.Debug|x86.ActiveCfg = Debug|Any CPU
		{479FC2E3-D764-4555-B7B4-1C02B6127BD5}.Release|Any CPU.ActiveCfg = Release|Any CPU
		{479FC2E3-D764-4555-B7B4-1C02B6127BD5}.Release|Any CPU.Build.0 = Release|Any CPU
		{479FC2E3-D764-4555-B7B4-1C02B6127BD5}.Release|ARM.ActiveCfg = Release|Any CPU
		{479FC2E3-D764-4555-B7B4-1C02B6127BD5}.Release|x64.ActiveCfg = Release|Any CPU
		{479FC2E3-D764-4555-B7B4-1C02B6127BD5}.Release|x86.ActiveCfg = Release|Any CPU
		{8906E719-F2FB-47F9-B5A1-D5729A38B1DE}.Debug|Any CPU.ActiveCfg = Debug|Any CPU
		{8906E719-F2FB-47F9-B5A1-D5729A38B1DE}.Debug|Any CPU.Build.0 = Debug|Any CPU
		{8906E719-F2FB-47F9-B5A1-D5729A38B1DE}.Debug|ARM.ActiveCfg = Debug|Any CPU
		{8906E719-F2FB-47F9-B5A1-D5729A38B1DE}.Debug|x64.ActiveCfg = Debug|Any CPU
		{8906E719-F2FB-47F9-B5A1-D5729A38B1DE}.Debug|x86.ActiveCfg = Debug|Any CPU
		{8906E719-F2FB-47F9-B5A1-D5729A38B1DE}.Release|Any CPU.ActiveCfg = Release|Any CPU
		{8906E719-F2FB-47F9-B5A1-D5729A38B1DE}.Release|Any CPU.Build.0 = Release|Any CPU
		{8906E719-F2FB-47F9-B5A1-D5729A38B1DE}.Release|ARM.ActiveCfg = Release|Any CPU
		{8906E719-F2FB-47F9-B5A1-D5729A38B1DE}.Release|x64.ActiveCfg = Release|Any CPU
		{8906E719-F2FB-47F9-B5A1-D5729A38B1DE}.Release|x86.ActiveCfg = Release|Any CPU
		{CEF63A69-C78A-4839-9E45-726C53C3CC1A}.Debug|Any CPU.ActiveCfg = Debug|Any CPU
		{CEF63A69-C78A-4839-9E45-726C53C3CC1A}.Debug|Any CPU.Build.0 = Debug|Any CPU
		{CEF63A69-C78A-4839-9E45-726C53C3CC1A}.Debug|ARM.ActiveCfg = Debug|Any CPU
		{CEF63A69-C78A-4839-9E45-726C53C3CC1A}.Debug|ARM.Build.0 = Debug|Any CPU
		{CEF63A69-C78A-4839-9E45-726C53C3CC1A}.Debug|x64.ActiveCfg = Debug|Any CPU
		{CEF63A69-C78A-4839-9E45-726C53C3CC1A}.Debug|x64.Build.0 = Debug|Any CPU
		{CEF63A69-C78A-4839-9E45-726C53C3CC1A}.Debug|x86.ActiveCfg = Debug|Any CPU
		{CEF63A69-C78A-4839-9E45-726C53C3CC1A}.Debug|x86.Build.0 = Debug|Any CPU
		{CEF63A69-C78A-4839-9E45-726C53C3CC1A}.Release|Any CPU.ActiveCfg = Release|Any CPU
		{CEF63A69-C78A-4839-9E45-726C53C3CC1A}.Release|Any CPU.Build.0 = Release|Any CPU
		{CEF63A69-C78A-4839-9E45-726C53C3CC1A}.Release|ARM.ActiveCfg = Release|Any CPU
		{CEF63A69-C78A-4839-9E45-726C53C3CC1A}.Release|ARM.Build.0 = Release|Any CPU
		{CEF63A69-C78A-4839-9E45-726C53C3CC1A}.Release|x64.ActiveCfg = Release|Any CPU
		{CEF63A69-C78A-4839-9E45-726C53C3CC1A}.Release|x64.Build.0 = Release|Any CPU
		{CEF63A69-C78A-4839-9E45-726C53C3CC1A}.Release|x86.ActiveCfg = Release|Any CPU
		{CEF63A69-C78A-4839-9E45-726C53C3CC1A}.Release|x86.Build.0 = Release|Any CPU
		{47448FA0-5868-4B8D-98E0-D03FF8F3DC7E}.Debug|Any CPU.ActiveCfg = Debug|Any CPU
		{47448FA0-5868-4B8D-98E0-D03FF8F3DC7E}.Debug|Any CPU.Build.0 = Debug|Any CPU
		{47448FA0-5868-4B8D-98E0-D03FF8F3DC7E}.Debug|ARM.ActiveCfg = Debug|Any CPU
		{47448FA0-5868-4B8D-98E0-D03FF8F3DC7E}.Debug|ARM.Build.0 = Debug|Any CPU
		{47448FA0-5868-4B8D-98E0-D03FF8F3DC7E}.Debug|x64.ActiveCfg = Debug|Any CPU
		{47448FA0-5868-4B8D-98E0-D03FF8F3DC7E}.Debug|x64.Build.0 = Debug|Any CPU
		{47448FA0-5868-4B8D-98E0-D03FF8F3DC7E}.Debug|x86.ActiveCfg = Debug|Any CPU
		{47448FA0-5868-4B8D-98E0-D03FF8F3DC7E}.Debug|x86.Build.0 = Debug|Any CPU
		{47448FA0-5868-4B8D-98E0-D03FF8F3DC7E}.Release|Any CPU.ActiveCfg = Release|Any CPU
		{47448FA0-5868-4B8D-98E0-D03FF8F3DC7E}.Release|Any CPU.Build.0 = Release|Any CPU
		{47448FA0-5868-4B8D-98E0-D03FF8F3DC7E}.Release|ARM.ActiveCfg = Release|Any CPU
		{47448FA0-5868-4B8D-98E0-D03FF8F3DC7E}.Release|ARM.Build.0 = Release|Any CPU
		{47448FA0-5868-4B8D-98E0-D03FF8F3DC7E}.Release|x64.ActiveCfg = Release|Any CPU
		{47448FA0-5868-4B8D-98E0-D03FF8F3DC7E}.Release|x64.Build.0 = Release|Any CPU
		{47448FA0-5868-4B8D-98E0-D03FF8F3DC7E}.Release|x86.ActiveCfg = Release|Any CPU
		{47448FA0-5868-4B8D-98E0-D03FF8F3DC7E}.Release|x86.Build.0 = Release|Any CPU
	EndGlobalSection
	GlobalSection(SolutionProperties) = preSolution
		HideSolutionNode = FALSE
	EndGlobalSection
	GlobalSection(NestedProjects) = preSolution
		{A3EDB106-29EC-46C7-ACD4-FD9F9C0EFDA0} = {FA75DC95-1BFF-4982-8475-9A6A8FA9FFED}
		{B6022517-4B12-4D6E-8446-185260704E5D} = {FA75DC95-1BFF-4982-8475-9A6A8FA9FFED}
		{479FC2E3-D764-4555-B7B4-1C02B6127BD5} = {FA75DC95-1BFF-4982-8475-9A6A8FA9FFED}
		{8906E719-F2FB-47F9-B5A1-D5729A38B1DE} = {FA75DC95-1BFF-4982-8475-9A6A8FA9FFED}
		{CEF63A69-C78A-4839-9E45-726C53C3CC1A} = {FA75DC95-1BFF-4982-8475-9A6A8FA9FFED}
		{47448FA0-5868-4B8D-98E0-D03FF8F3DC7E} = {FA75DC95-1BFF-4982-8475-9A6A8FA9FFED}
	EndGlobalSection
EndGlobal
